
Microsoft Visual Studio Solution File, Format Version 12.00
# Visual Studio Version 17
VisualStudioVersion = 17.11.35222.181
MinimumVisualStudioVersion = 10.0.40219.1
Project("{9A19103F-16F7-4668-BE54-9A1E7A4F7556}") = "Builder", "Builder\Builder.csproj", "{F8F42946-0F32-45A0-B973-0B2ADA3C3211}"
EndProject
Project("{9A19103F-16F7-4668-BE54-9A1E7A4F7556}") = "BuilderFacets", "BuilderFacets\BuilderFacets.csproj", "{1EF23DBC-B9FC-4AE1-8A31-49C81F10C88C}"
EndProject
Project("{9A19103F-16F7-4668-BE54-9A1E7A4F7556}") = "BuilderInheritance", "BuilderInheritance\BuilderInheritance.csproj", "{844086B2-F951-45BD-9F82-2F8F5D4D07ED}"
EndProject
Project("{9A19103F-16F7-4668-BE54-9A1E7A4F7556}") = "FunctionalBuilder", "FunctionalBuilder\FunctionalBuilder.csproj", "{B4225C98-3825-4ACA-8694-CEF21C3DFF46}"
EndProject
Project("{9A19103F-16F7-4668-BE54-9A1E7A4F7556}") = "StepwiseBuilder", "StepwiseBuilder\StepwiseBuilder.csproj", "{E9D377F3-AB2C-48E8-B3B1-C3975B90A756}"
EndProject
Global
	GlobalSection(SolutionConfigurationPlatforms) = preSolution
		Debug|Any CPU = Debug|Any CPU
		Release|Any CPU = Release|Any CPU
	EndGlobalSection
	GlobalSection(ProjectConfigurationPlatforms) = postSolution
		{F8F42946-0F32-45A0-B973-0B2ADA3C3211}.Debug|Any CPU.ActiveCfg = Debug|Any CPU
		{F8F42946-0F32-45A0-B973-0B2ADA3C3211}.Debug|Any CPU.Build.0 = Debug|Any CPU
		{F8F42946-0F32-45A0-B973-0B2ADA3C3211}.Release|Any CPU.ActiveCfg = Release|Any CPU
		{F8F42946-0F32-45A0-B973-0B2ADA3C3211}.Release|Any CPU.Build.0 = Release|Any CPU
		{1EF23DBC-B9FC-4AE1-8A31-49C81F10C88C}.Debug|Any CPU.ActiveCfg = Debug|Any CPU
		{1EF23DBC-B9FC-4AE1-8A31-49C81F10C88C}.Debug|Any CPU.Build.0 = Debug|Any CPU
		{1EF23DBC-B9FC-4AE1-8A31-49C81F10C88C}.Release|Any CPU.ActiveCfg = Release|Any CPU
		{1EF23DBC-B9FC-4AE1-8A31-49C81F10C88C}.Release|Any CPU.Build.0 = Release|Any CPU
		{844086B2-F951-45BD-9F82-2F8F5D4D07ED}.Debug|Any CPU.ActiveCfg = Debug|Any CPU
		{844086B2-F951-45BD-9F82-2F8F5D4D07ED}.Debug|Any CPU.Build.0 = Debug|Any CPU
		{844086B2-F951-45BD-9F82-2F8F5D4D07ED}.Release|Any CPU.ActiveCfg = Release|Any CPU
		{844086B2-F951-45BD-9F82-2F8F5D4D07ED}.Release|Any CPU.Build.0 = Release|Any CPU
		{B4225C98-3825-4ACA-8694-CEF21C3DFF46}.Debug|Any CPU.ActiveCfg = Debug|Any CPU
		{B4225C98-3825-4ACA-8694-CEF21C3DFF46}.Debug|Any CPU.Build.0 = Debug|Any CPU
		{B4225C98-3825-4ACA-8694-CEF21C3DFF46}.Release|Any CPU.ActiveCfg = Release|Any CPU
		{B4225C98-3825-4ACA-8694-CEF21C3DFF46}.Release|Any CPU.Build.0 = Release|Any CPU
		{E9D377F3-AB2C-48E8-B3B1-C3975B90A756}.Debug|Any CPU.ActiveCfg = Debug|Any CPU
		{E9D377F3-AB2C-48E8-B3B1-C3975B90A756}.Debug|Any CPU.Build.0 = Debug|Any CPU
		{E9D377F3-AB2C-48E8-B3B1-C3975B90A756}.Release|Any CPU.ActiveCfg = Release|Any CPU
		{E9D377F3-AB2C-48E8-B3B1-C3975B90A756}.Release|Any CPU.Build.0 = Release|Any CPU
	EndGlobalSection
	GlobalSection(SolutionProperties) = preSolution
		HideSolutionNode = FALSE
	EndGlobalSection
	GlobalSection(ExtensibilityGlobals) = postSolution
		SolutionGuid = {BB8657E8-4807-4749-AC13-1AC118AF0E87}
	EndGlobalSection
EndGlobal
